
Microsoft Visual Studio Solution File, Format Version 12.00
# Visual Studio Version 17
VisualStudioVersion = 17.8.34316.72
MinimumVisualStudioVersion = 10.0.40219.1
Project("{FAE04EC0-301F-11D3-BF4B-00C04F79EFBC}") = "ApiGateway", "ApiGateway\ApiGateway.csproj", "{6B165A7B-0E50-4532-BE4A-533BEDD0191C}"
EndProject
Project("{2150E333-8FDC-42A3-9474-1A3956D46DE8}") = "Services", "Services", "{32ADB3EA-6F8D-4129-822D-9F7992611D8C}"
EndProject
Project("{FAE04EC0-301F-11D3-BF4B-00C04F79EFBC}") = "Product.API", "Product.API\Product.API.csproj", "{236B8DFF-5564-4F92-9C75-BBC66F6040CC}"
EndProject
Project("{FAE04EC0-301F-11D3-BF4B-00C04F79EFBC}") = "Order.API", "Order.API\Order.API.csproj", "{DE73D90B-D479-4D29-BEF7-EBE784972E87}"
EndProject
Global
	GlobalSection(SolutionConfigurationPlatforms) = preSolution
		Debug|Any CPU = Debug|Any CPU
		Release|Any CPU = Release|Any CPU
	EndGlobalSection
	GlobalSection(ProjectConfigurationPlatforms) = postSolution
		{6B165A7B-0E50-4532-BE4A-533BEDD0191C}.Debug|Any CPU.ActiveCfg = Debug|Any CPU
		{6B165A7B-0E50-4532-BE4A-533BEDD0191C}.Debug|Any CPU.Build.0 = Debug|Any CPU
		{6B165A7B-0E50-4532-BE4A-533BEDD0191C}.Release|Any CPU.ActiveCfg = Release|Any CPU
		{6B165A7B-0E50-4532-BE4A-533BEDD0191C}.Release|Any CPU.Build.0 = Release|Any CPU
		{236B8DFF-5564-4F92-9C75-BBC66F6040CC}.Debug|Any CPU.ActiveCfg = Debug|Any CPU
		{236B8DFF-5564-4F92-9C75-BBC66F6040CC}.Debug|Any CPU.Build.0 = Debug|Any CPU
		{236B8DFF-5564-4F92-9C75-BBC66F6040CC}.Release|Any CPU.ActiveCfg = Release|Any CPU
		{236B8DFF-5564-4F92-9C75-BBC66F6040CC}.Release|Any CPU.Build.0 = Release|Any CPU
		{DE73D90B-D479-4D29-BEF7-EBE784972E87}.Debug|Any CPU.ActiveCfg = Debug|Any CPU
		{DE73D90B-D479-4D29-BEF7-EBE784972E87}.Debug|Any CPU.Build.0 = Debug|Any CPU
		{DE73D90B-D479-4D29-BEF7-EBE784972E87}.Release|Any CPU.ActiveCfg = Release|Any CPU
		{DE73D90B-D479-4D29-BEF7-EBE784972E87}.Release|Any CPU.Build.0 = Release|Any CPU
	EndGlobalSection
	GlobalSection(SolutionProperties) = preSolution
		HideSolutionNode = FALSE
	EndGlobalSection
	GlobalSection(NestedProjects) = preSolution
		{236B8DFF-5564-4F92-9C75-BBC66F6040CC} = {32ADB3EA-6F8D-4129-822D-9F7992611D8C}
		{DE73D90B-D479-4D29-BEF7-EBE784972E87} = {32ADB3EA-6F8D-4129-822D-9F7992611D8C}
	EndGlobalSection
	GlobalSection(ExtensibilityGlobals) = postSolution
		SolutionGuid = {ECF24A6A-CCBF-4106-B16D-E6E3B71DC398}
	EndGlobalSection
EndGlobal
